// !$*UTF8*$!
{
	archiveVersion = 1;
	classes = {
	};
	objectVersion = 55;
	objects = {

/* Begin PBXBuildFile section */
		B22B944B28146BCD00607EBD /* AppDelegate.swift in Sources */ = {isa = PBXBuildFile; fileRef = B22B944A28146BCD00607EBD /* AppDelegate.swift */; };
		B22B944D28146BCD00607EBD /* SceneDelegate.swift in Sources */ = {isa = PBXBuildFile; fileRef = B22B944C28146BCD00607EBD /* SceneDelegate.swift */; };
		B22B944F28146BCD00607EBD /* ViewController.swift in Sources */ = {isa = PBXBuildFile; fileRef = B22B944E28146BCD00607EBD /* ViewController.swift */; };
		B22B945228146BCD00607EBD /* Main.storyboard in Resources */ = {isa = PBXBuildFile; fileRef = B22B945028146BCD00607EBD /* Main.storyboard */; };
		B22B945428146BD200607EBD /* Assets.xcassets in Resources */ = {isa = PBXBuildFile; fileRef = B22B945328146BD200607EBD /* Assets.xcassets */; };
		B22B945728146BD200607EBD /* LaunchScreen.storyboard in Resources */ = {isa = PBXBuildFile; fileRef = B22B945528146BD200607EBD /* LaunchScreen.storyboard */; };
		B22B946228146BD300607EBD /* viewCodeTests.swift in Sources */ = {isa = PBXBuildFile; fileRef = B22B946128146BD300607EBD /* viewCodeTests.swift */; };
		B22B946C28146BD300607EBD /* viewCodeUITests.swift in Sources */ = {isa = PBXBuildFile; fileRef = B22B946B28146BD300607EBD /* viewCodeUITests.swift */; };
		B22B946E28146BD300607EBD /* viewCodeUITestsLaunchTests.swift in Sources */ = {isa = PBXBuildFile; fileRef = B22B946D28146BD300607EBD /* viewCodeUITestsLaunchTests.swift */; };
/* End PBXBuildFile section */

/* Begin PBXContainerItemProxy section */
		B22B945E28146BD300607EBD /* PBXContainerItemProxy */ = {
			isa = PBXContainerItemProxy;
			containerPortal = B22B943F28146BCD00607EBD /* Project object */;
			proxyType = 1;
			remoteGlobalIDString = B22B944628146BCD00607EBD;
			remoteInfo = viewCode;
		};
		B22B946828146BD300607EBD /* PBXContainerItemProxy */ = {
			isa = PBXContainerItemProxy;
			containerPortal = B22B943F28146BCD00607EBD /* Project object */;
			proxyType = 1;
			remoteGlobalIDString = B22B944628146BCD00607EBD;
			remoteInfo = viewCode;
		};
/* End PBXContainerItemProxy section */

/* Begin PBXFileReference section */
		B22B944728146BCD00607EBD /* viewCode.app */ = {isa = PBXFileReference; explicitFileType = wrapper.application; includeInIndex = 0; path = viewCode.app; sourceTree = BUILT_PRODUCTS_DIR; };
		B22B944A28146BCD00607EBD /* AppDelegate.swift */ = {isa = PBXFileReference; lastKnownFileType = sourcecode.swift; path = AppDelegate.swift; sourceTree = "<group>"; };
		B22B944C28146BCD00607EBD /* SceneDelegate.swift */ = {isa = PBXFileReference; lastKnownFileType = sourcecode.swift; path = SceneDelegate.swift; sourceTree = "<group>"; };
		B22B944E28146BCD00607EBD /* ViewController.swift */ = {isa = PBXFileReference; lastKnownFileType = sourcecode.swift; path = ViewController.swift; sourceTree = "<group>"; };
		B22B945128146BCD00607EBD /* Base */ = {isa = PBXFileReference; lastKnownFileType = file.storyboard; name = Base; path = Base.lproj/Main.storyboard; sourceTree = "<group>"; };
		B22B945328146BD200607EBD /* Assets.xcassets */ = {isa = PBXFileReference; lastKnownFileType = folder.assetcatalog; path = Assets.xcassets; sourceTree = "<group>"; };
		B22B945628146BD200607EBD /* Base */ = {isa = PBXFileReference; lastKnownFileType = file.storyboard; name = Base; path = Base.lproj/LaunchScreen.storyboard; sourceTree = "<group>"; };
		B22B945828146BD200607EBD /* Info.plist */ = {isa = PBXFileReference; lastKnownFileType = text.plist.xml; path = Info.plist; sourceTree = "<group>"; };
		B22B945D28146BD300607EBD /* viewCodeTests.xctest */ = {isa = PBXFileReference; explicitFileType = wrapper.cfbundle; includeInIndex = 0; path = viewCodeTests.xctest; sourceTree = BUILT_PRODUCTS_DIR; };
		B22B946128146BD300607EBD /* viewCodeTests.swift */ = {isa = PBXFileReference; lastKnownFileType = sourcecode.swift; path = viewCodeTests.swift; sourceTree = "<group>"; };
		B22B946728146BD300607EBD /* viewCodeUITests.xctest */ = {isa = PBXFileReference; explicitFileType = wrapper.cfbundle; includeInIndex = 0; path = viewCodeUITests.xctest; sourceTree = BUILT_PRODUCTS_DIR; };
		B22B946B28146BD300607EBD /* viewCodeUITests.swift */ = {isa = PBXFileReference; lastKnownFileType = sourcecode.swift; path = viewCodeUITests.swift; sourceTree = "<group>"; };
		B22B946D28146BD300607EBD /* viewCodeUITestsLaunchTests.swift */ = {isa = PBXFileReference; lastKnownFileType = sourcecode.swift; path = viewCodeUITestsLaunchTests.swift; sourceTree = "<group>"; };
/* End PBXFileReference section */

/* Begin PBXFrameworksBuildPhase section */
		B22B944428146BCD00607EBD /* Frameworks */ = {
			isa = PBXFrameworksBuildPhase;
			buildActionMask = 2147483647;
			files = (
			);
			runOnlyForDeploymentPostprocessing = 0;
		};
		B22B945A28146BD300607EBD /* Frameworks */ = {
			isa = PBXFrameworksBuildPhase;
			buildActionMask = 2147483647;
			files = (
			);
			runOnlyForDeploymentPostprocessing = 0;
		};
		B22B946428146BD300607EBD /* Frameworks */ = {
			isa = PBXFrameworksBuildPhase;
			buildActionMask = 2147483647;
			files = (
			);
			runOnlyForDeploymentPostprocessing = 0;
		};
/* End PBXFrameworksBuildPhase section */

/* Begin PBXGroup section */
		B22B943E28146BCD00607EBD = {
			isa = PBXGroup;
			children = (
				B22B944928146BCD00607EBD /* viewCode */,
				B22B946028146BD300607EBD /* viewCodeTests */,
				B22B946A28146BD300607EBD /* viewCodeUITests */,
				B22B944828146BCD00607EBD /* Products */,
			);
			sourceTree = "<group>";
		};
		B22B944828146BCD00607EBD /* Products */ = {
			isa = PBXGroup;
			children = (
				B22B944728146BCD00607EBD /* viewCode.app */,
				B22B945D28146BD300607EBD /* viewCodeTests.xctest */,
				B22B946728146BD300607EBD /* viewCodeUITests.xctest */,
			);
			name = Products;
			sourceTree = "<group>";
		};
		B22B944928146BCD00607EBD /* viewCode */ = {
			isa = PBXGroup;
			children = (
				B22B944A28146BCD00607EBD /* AppDelegate.swift */,
				B22B944C28146BCD00607EBD /* SceneDelegate.swift */,
				B22B944E28146BCD00607EBD /* ViewController.swift */,
				B22B945028146BCD00607EBD /* Main.storyboard */,
				B22B945328146BD200607EBD /* Assets.xcassets */,
				B22B945528146BD200607EBD /* LaunchScreen.storyboard */,
				B22B945828146BD200607EBD /* Info.plist */,
			);
			path = viewCode;
			sourceTree = "<group>";
		};
		B22B946028146BD300607EBD /* viewCodeTests */ = {
			isa = PBXGroup;
			children = (
				B22B946128146BD300607EBD /* viewCodeTests.swift */,
			);
			path = viewCodeTests;
			sourceTree = "<group>";
		};
		B22B946A28146BD300607EBD /* viewCodeUITests */ = {
			isa = PBXGroup;
			children = (
				B22B946B28146BD300607EBD /* viewCodeUITests.swift */,
				B22B946D28146BD300607EBD /* viewCodeUITestsLaunchTests.swift */,
			);
			path = viewCodeUITests;
			sourceTree = "<group>";
		};
/* End PBXGroup section */

/* Begin PBXNativeTarget section */
		B22B944628146BCD00607EBD /* viewCode */ = {
			isa = PBXNativeTarget;
			buildConfigurationList = B22B947128146BD300607EBD /* Build configuration list for PBXNativeTarget "viewCode" */;
			buildPhases = (
				B22B944328146BCD00607EBD /* Sources */,
				B22B944428146BCD00607EBD /* Frameworks */,
				B22B944528146BCD00607EBD /* Resources */,
			);
			buildRules = (
			);
			dependencies = (
			);
			name = viewCode;
			productName = viewCode;
			productReference = B22B944728146BCD00607EBD /* viewCode.app */;
			productType = "com.apple.product-type.application";
		};
		B22B945C28146BD300607EBD /* viewCodeTests */ = {
			isa = PBXNativeTarget;
			buildConfigurationList = B22B947428146BD300607EBD /* Build configuration list for PBXNativeTarget "viewCodeTests" */;
			buildPhases = (
				B22B945928146BD300607EBD /* Sources */,
				B22B945A28146BD300607EBD /* Frameworks */,
				B22B945B28146BD300607EBD /* Resources */,
			);
			buildRules = (
			);
			dependencies = (
				B22B945F28146BD300607EBD /* PBXTargetDependency */,
			);
			name = viewCodeTests;
			productName = viewCodeTests;
			productReference = B22B945D28146BD300607EBD /* viewCodeTests.xctest */;
			productType = "com.apple.product-type.bundle.unit-test";
		};
		B22B946628146BD300607EBD /* viewCodeUITests */ = {
			isa = PBXNativeTarget;
			buildConfigurationList = B22B947728146BD300607EBD /* Build configuration list for PBXNativeTarget "viewCodeUITests" */;
			buildPhases = (
				B22B946328146BD300607EBD /* Sources */,
				B22B946428146BD300607EBD /* Frameworks */,
				B22B946528146BD300607EBD /* Resources */,
			);
			buildRules = (
			);
			dependencies = (
				B22B946928146BD300607EBD /* PBXTargetDependency */,
			);
			name = viewCodeUITests;
			productName = viewCodeUITests;
			productReference = B22B946728146BD300607EBD /* viewCodeUITests.xctest */;
			productType = "com.apple.product-type.bundle.ui-testing";
		};
/* End PBXNativeTarget section */

/* Begin PBXProject section */
		B22B943F28146BCD00607EBD /* Project object */ = {
			isa = PBXProject;
			attributes = {
				BuildIndependentTargetsInParallel = 1;
				LastSwiftUpdateCheck = 1330;
				LastUpgradeCheck = 1330;
				TargetAttributes = {
					B22B944628146BCD00607EBD = {
						CreatedOnToolsVersion = 13.3.1;
					};
					B22B945C28146BD300607EBD = {
						CreatedOnToolsVersion = 13.3.1;
						TestTargetID = B22B944628146BCD00607EBD;
					};
					B22B946628146BD300607EBD = {
						CreatedOnToolsVersion = 13.3.1;
						TestTargetID = B22B944628146BCD00607EBD;
					};
				};
			};
			buildConfigurationList = B22B944228146BCD00607EBD /* Build configuration list for PBXProject "viewCode" */;
			compatibilityVersion = "Xcode 13.0";
			developmentRegion = en;
			hasScannedForEncodings = 0;
			knownRegions = (
				en,
				Base,
			);
			mainGroup = B22B943E28146BCD00607EBD;
			productRefGroup = B22B944828146BCD00607EBD /* Products */;
			projectDirPath = "";
			projectRoot = "";
			targets = (
				B22B944628146BCD00607EBD /* viewCode */,
				B22B945C28146BD300607EBD /* viewCodeTests */,
				B22B946628146BD300607EBD /* viewCodeUITests */,
			);
		};
/* End PBXProject section */

/* Begin PBXResourcesBuildPhase section */
		B22B944528146BCD00607EBD /* Resources */ = {
			isa = PBXResourcesBuildPhase;
			buildActionMask = 2147483647;
			files = (
				B22B945728146BD200607EBD /* LaunchScreen.storyboard in Resources */,
				B22B945428146BD200607EBD /* Assets.xcassets in Resources */,
				B22B945228146BCD00607EBD /* Main.storyboard in Resources */,
			);
			runOnlyForDeploymentPostprocessing = 0;
		};
		B22B945B28146BD300607EBD /* Resources */ = {
			isa = PBXResourcesBuildPhase;
			buildActionMask = 2147483647;
			files = (
			);
			runOnlyForDeploymentPostprocessing = 0;
		};
		B22B946528146BD300607EBD /* Resources */ = {
			isa = PBXResourcesBuildPhase;
			buildActionMask = 2147483647;
			files = (
			);
			runOnlyForDeploymentPostprocessing = 0;
		};
/* End PBXResourcesBuildPhase section */

/* Begin PBXSourcesBuildPhase section */
		B22B944328146BCD00607EBD /* Sources */ = {
			isa = PBXSourcesBuildPhase;
			buildActionMask = 2147483647;
			files = (
				B22B944F28146BCD00607EBD /* ViewController.swift in Sources */,
				B22B944B28146BCD00607EBD /* AppDelegate.swift in Sources */,
				B22B944D28146BCD00607EBD /* SceneDelegate.swift in Sources */,
			);
			runOnlyForDeploymentPostprocessing = 0;
		};
		B22B945928146BD300607EBD /* Sources */ = {
			isa = PBXSourcesBuildPhase;
			buildActionMask = 2147483647;
			files = (
				B22B946228146BD300607EBD /* viewCodeTests.swift in Sources */,
			);
			runOnlyForDeploymentPostprocessing = 0;
		};
		B22B946328146BD300607EBD /* Sources */ = {
			isa = PBXSourcesBuildPhase;
			buildActionMask = 2147483647;
			files = (
				B22B946E28146BD300607EBD /* viewCodeUITestsLaunchTests.swift in Sources */,
				B22B946C28146BD300607EBD /* viewCodeUITests.swift in Sources */,
			);
			runOnlyForDeploymentPostprocessing = 0;
		};
/* End PBXSourcesBuildPhase section */

/* Begin PBXTargetDependency section */
		B22B945F28146BD300607EBD /* PBXTargetDependency */ = {
			isa = PBXTargetDependency;
			target = B22B944628146BCD00607EBD /* viewCode */;
			targetProxy = B22B945E28146BD300607EBD /* PBXContainerItemProxy */;
		};
		B22B946928146BD300607EBD /* PBXTargetDependency */ = {
			isa = PBXTargetDependency;
			target = B22B944628146BCD00607EBD /* viewCode */;
			targetProxy = B22B946828146BD300607EBD /* PBXContainerItemProxy */;
		};
/* End PBXTargetDependency section */

/* Begin PBXVariantGroup section */
		B22B945028146BCD00607EBD /* Main.storyboard */ = {
			isa = PBXVariantGroup;
			children = (
				B22B945128146BCD00607EBD /* Base */,
			);
			name = Main.storyboard;
			sourceTree = "<group>";
		};
		B22B945528146BD200607EBD /* LaunchScreen.storyboard */ = {
			isa = PBXVariantGroup;
			children = (
				B22B945628146BD200607EBD /* Base */,
			);
			name = LaunchScreen.storyboard;
			sourceTree = "<group>";
		};
/* End PBXVariantGroup section */

/* Begin XCBuildConfiguration section */
		B22B946F28146BD300607EBD /* Debug */ = {
			isa = XCBuildConfiguration;
			buildSettings = {
				ALWAYS_SEARCH_USER_PATHS = NO;
				CLANG_ANALYZER_NONNULL = YES;
				CLANG_ANALYZER_NUMBER_OBJECT_CONVERSION = YES_AGGRESSIVE;
				CLANG_CXX_LANGUAGE_STANDARD = "gnu++17";
				CLANG_ENABLE_MODULES = YES;
				CLANG_ENABLE_OBJC_ARC = YES;
				CLANG_ENABLE_OBJC_WEAK = YES;
				CLANG_WARN_BLOCK_CAPTURE_AUTORELEASING = YES;
				CLANG_WARN_BOOL_CONVERSION = YES;
				CLANG_WARN_COMMA = YES;
				CLANG_WARN_CONSTANT_CONVERSION = YES;
				CLANG_WARN_DEPRECATED_OBJC_IMPLEMENTATIONS = YES;
				CLANG_WARN_DIRECT_OBJC_ISA_USAGE = YES_ERROR;
				CLANG_WARN_DOCUMENTATION_COMMENTS = YES;
				CLANG_WARN_EMPTY_BODY = YES;
				CLANG_WARN_ENUM_CONVERSION = YES;
				CLANG_WARN_INFINITE_RECURSION = YES;
				CLANG_WARN_INT_CONVERSION = YES;
				CLANG_WARN_NON_LITERAL_NULL_CONVERSION = YES;
				CLANG_WARN_OBJC_IMPLICIT_RETAIN_SELF = YES;
				CLANG_WARN_OBJC_LITERAL_CONVERSION = YES;
				CLANG_WARN_OBJC_ROOT_CLASS = YES_ERROR;
				CLANG_WARN_QUOTED_INCLUDE_IN_FRAMEWORK_HEADER = YES;
				CLANG_WARN_RANGE_LOOP_ANALYSIS = YES;
				CLANG_WARN_STRICT_PROTOTYPES = YES;
				CLANG_WARN_SUSPICIOUS_MOVE = YES;
				CLANG_WARN_UNGUARDED_AVAILABILITY = YES_AGGRESSIVE;
				CLANG_WARN_UNREACHABLE_CODE = YES;
				CLANG_WARN__DUPLICATE_METHOD_MATCH = YES;
				COPY_PHASE_STRIP = NO;
				DEBUG_INFORMATION_FORMAT = dwarf;
				ENABLE_STRICT_OBJC_MSGSEND = YES;
				ENABLE_TESTABILITY = YES;
				GCC_C_LANGUAGE_STANDARD = gnu11;
				GCC_DYNAMIC_NO_PIC = NO;
				GCC_NO_COMMON_BLOCKS = YES;
				GCC_OPTIMIZATION_LEVEL = 0;
				GCC_PREPROCESSOR_DEFINITIONS = (
					"DEBUG=1",
					"$(inherited)",
				);
				GCC_WARN_64_TO_32_BIT_CONVERSION = YES;
				GCC_WARN_ABOUT_RETURN_TYPE = YES_ERROR;
				GCC_WARN_UNDECLARED_SELECTOR = YES;
				GCC_WARN_UNINITIALIZED_AUTOS = YES_AGGRESSIVE;
				GCC_WARN_UNUSED_FUNCTION = YES;
				GCC_WARN_UNUSED_VARIABLE = YES;
				IPHONEOS_DEPLOYMENT_TARGET = 15.4;
				MTL_ENABLE_DEBUG_INFO = INCLUDE_SOURCE;
				MTL_FAST_MATH = YES;
				ONLY_ACTIVE_ARCH = YES;
				SDKROOT = iphoneos;
				SWIFT_ACTIVE_COMPILATION_CONDITIONS = DEBUG;
				SWIFT_OPTIMIZATION_LEVEL = "-Onone";
			};
			name = Debug;
		};
		B22B947028146BD300607EBD /* Release */ = {
			isa = XCBuildConfiguration;
			buildSettings = {
				ALWAYS_SEARCH_USER_PATHS = NO;
				CLANG_ANALYZER_NONNULL = YES;
				CLANG_ANALYZER_NUMBER_OBJECT_CONVERSION = YES_AGGRESSIVE;
				CLANG_CXX_LANGUAGE_STANDARD = "gnu++17";
				CLANG_ENABLE_MODULES = YES;
				CLANG_ENABLE_OBJC_ARC = YES;
				CLANG_ENABLE_OBJC_WEAK = YES;
				CLANG_WARN_BLOCK_CAPTURE_AUTORELEASING = YES;
				CLANG_WARN_BOOL_CONVERSION = YES;
				CLANG_WARN_COMMA = YES;
				CLANG_WARN_CONSTANT_CONVERSION = YES;
				CLANG_WARN_DEPRECATED_OBJC_IMPLEMENTATIONS = YES;
				CLANG_WARN_DIRECT_OBJC_ISA_USAGE = YES_ERROR;
				CLANG_WARN_DOCUMENTATION_COMMENTS = YES;
				CLANG_WARN_EMPTY_BODY = YES;
				CLANG_WARN_ENUM_CONVERSION = YES;
				CLANG_WARN_INFINITE_RECURSION = YES;
				CLANG_WARN_INT_CONVERSION = YES;
				CLANG_WARN_NON_LITERAL_NULL_CONVERSION = YES;
				CLANG_WARN_OBJC_IMPLICIT_RETAIN_SELF = YES;
				CLANG_WARN_OBJC_LITERAL_CONVERSION = YES;
				CLANG_WARN_OBJC_ROOT_CLASS = YES_ERROR;
				CLANG_WARN_QUOTED_INCLUDE_IN_FRAMEWORK_HEADER = YES;
				CLANG_WARN_RANGE_LOOP_ANALYSIS = YES;
				CLANG_WARN_STRICT_PROTOTYPES = YES;
				CLANG_WARN_SUSPICIOUS_MOVE = YES;
				CLANG_WARN_UNGUARDED_AVAILABILITY = YES_AGGRESSIVE;
				CLANG_WARN_UNREACHABLE_CODE = YES;
				CLANG_WARN__DUPLICATE_METHOD_MATCH = YES;
				COPY_PHASE_STRIP = NO;
				DEBUG_INFORMATION_FORMAT = "dwarf-with-dsym";
				ENABLE_NS_ASSERTIONS = NO;
				ENABLE_STRICT_OBJC_MSGSEND = YES;
				GCC_C_LANGUAGE_STANDARD = gnu11;
				GCC_NO_COMMON_BLOCKS = YES;
				GCC_WARN_64_TO_32_BIT_CONVERSION = YES;
				GCC_WARN_ABOUT_RETURN_TYPE = YES_ERROR;
				GCC_WARN_UNDECLARED_SELECTOR = YES;
				GCC_WARN_UNINITIALIZED_AUTOS = YES_AGGRESSIVE;
				GCC_WARN_UNUSED_FUNCTION = YES;
				GCC_WARN_UNUSED_VARIABLE = YES;
				IPHONEOS_DEPLOYMENT_TARGET = 15.4;
				MTL_ENABLE_DEBUG_INFO = NO;
				MTL_FAST_MATH = YES;
				SDKROOT = iphoneos;
				SWIFT_COMPILATION_MODE = wholemodule;
				SWIFT_OPTIMIZATION_LEVEL = "-O";
				VALIDATE_PRODUCT = YES;
			};
			name = Release;
		};
		B22B947228146BD300607EBD /* Debug */ = {
			isa = XCBuildConfiguration;
			buildSettings = {
				ASSETCATALOG_COMPILER_APPICON_NAME = AppIcon;
				ASSETCATALOG_COMPILER_GLOBAL_ACCENT_COLOR_NAME = AccentColor;
				CODE_SIGN_STYLE = Automatic;
				CURRENT_PROJECT_VERSION = 1;
				GENERATE_INFOPLIST_FILE = YES;
				INFOPLIST_FILE = viewCode/Info.plist;
				INFOPLIST_KEY_UIApplicationSupportsIndirectInputEvents = YES;
				INFOPLIST_KEY_UILaunchStoryboardName = LaunchScreen;
				INFOPLIST_KEY_UIMainStoryboardFile = Main;
				INFOPLIST_KEY_UISupportedInterfaceOrientations_iPad = "UIInterfaceOrientationPortrait UIInterfaceOrientationPortraitUpsideDown UIInterfaceOrientationLandscapeLeft UIInterfaceOrientationLandscapeRight";
				INFOPLIST_KEY_UISupportedInterfaceOrientations_iPhone = "UIInterfaceOrientationPortrait UIInterfaceOrientationLandscapeLeft UIInterfaceOrientationLandscapeRight";
				LD_RUNPATH_SEARCH_PATHS = (
					"$(inherited)",
					"@executable_path/Frameworks",
				);
				MARKETING_VERSION = 1.0;
				PRODUCT_BUNDLE_IDENTIFIER = com.paulolima.viewCode;
				PRODUCT_NAME = "$(TARGET_NAME)";
				SWIFT_EMIT_LOC_STRINGS = YES;
				SWIFT_VERSION = 5.0;
				TARGETED_DEVICE_FAMILY = "1,2";
			};
			name = Debug;
		};
		B22B947328146BD300607EBD /* Release */ = {
			isa = XCBuildConfiguration;
			buildSettings = {
				ASSETCATALOG_COMPILER_APPICON_NAME = AppIcon;
				ASSETCATALOG_COMPILER_GLOBAL_ACCENT_COLOR_NAME = AccentColor;
				CODE_SIGN_STYLE = Automatic;
				CURRENT_PROJECT_VERSION = 1;
				GENERATE_INFOPLIST_FILE = YES;
				INFOPLIST_FILE = viewCode/Info.plist;
				INFOPLIST_KEY_UIApplicationSupportsIndirectInputEvents = YES;
				INFOPLIST_KEY_UILaunchStoryboardName = LaunchScreen;
				INFOPLIST_KEY_UIMainStoryboardFile = Main;
				INFOPLIST_KEY_UISupportedInterfaceOrientations_iPad = "UIInterfaceOrientationPortrait UIInterfaceOrientationPortraitUpsideDown UIInterfaceOrientationLandscapeLeft UIInterfaceOrientationLandscapeRight";
				INFOPLIST_KEY_UISupportedInterfaceOrientations_iPhone = "UIInterfaceOrientationPortrait UIInterfaceOrientationLandscapeLeft UIInterfaceOrientationLandscapeRight";
				LD_RUNPATH_SEARCH_PATHS = (
					"$(inherited)",
					"@executable_path/Frameworks",
				);
				MARKETING_VERSION = 1.0;
				PRODUCT_BUNDLE_IDENTIFIER = com.paulolima.viewCode;
				PRODUCT_NAME = "$(TARGET_NAME)";
				SWIFT_EMIT_LOC_STRINGS = YES;
				SWIFT_VERSION = 5.0;
				TARGETED_DEVICE_FAMILY = "1,2";
			};
			name = Release;
		};
		B22B947528146BD300607EBD /* Debug */ = {
			isa = XCBuildConfiguration;
			buildSettings = {
				ALWAYS_EMBED_SWIFT_STANDARD_LIBRARIES = YES;
				BUNDLE_LOADER = "$(TEST_HOST)";
				CODE_SIGN_STYLE = Automatic;
				CURRENT_PROJECT_VERSION = 1;
				GENERATE_INFOPLIST_FILE = YES;
				IPHONEOS_DEPLOYMENT_TARGET = 15.4;
				MARKETING_VERSION = 1.0;
				PRODUCT_BUNDLE_IDENTIFIER = com.paulolima.viewCodeTests;
				PRODUCT_NAME = "$(TARGET_NAME)";
				SWIFT_EMIT_LOC_STRINGS = NO;
				SWIFT_VERSION = 5.0;
				TARGETED_DEVICE_FAMILY = "1,2";
				TEST_HOST = "$(BUILT_PRODUCTS_DIR)/viewCode.app/viewCode";
			};
			name = Debug;
		};
		B22B947628146BD300607EBD /* Release */ = {
			isa = XCBuildConfiguration;
			buildSettings = {
				ALWAYS_EMBED_SWIFT_STANDARD_LIBRARIES = YES;
				BUNDLE_LOADER = "$(TEST_HOST)";
				CODE_SIGN_STYLE = Automatic;
				CURRENT_PROJECT_VERSION = 1;
				GENERATE_INFOPLIST_FILE = YES;
				IPHONEOS_DEPLOYMENT_TARGET = 15.4;
				MARKETING_VERSION = 1.0;
				PRODUCT_BUNDLE_IDENTIFIER = com.paulolima.viewCodeTests;
				PRODUCT_NAME = "$(TARGET_NAME)";
				SWIFT_EMIT_LOC_STRINGS = NO;
				SWIFT_VERSION = 5.0;
				TARGETED_DEVICE_FAMILY = "1,2";
				TEST_HOST = "$(BUILT_PRODUCTS_DIR)/viewCode.app/viewCode";
			};
			name = Release;
		};
		B22B947828146BD300607EBD /* Debug */ = {
			isa = XCBuildConfiguration;
			buildSettings = {
				ALWAYS_EMBED_SWIFT_STANDARD_LIBRARIES = YES;
				CODE_SIGN_STYLE = Automatic;
				CURRENT_PROJECT_VERSION = 1;
				GENERATE_INFOPLIST_FILE = YES;
				MARKETING_VERSION = 1.0;
				PRODUCT_BUNDLE_IDENTIFIER = com.paulolima.viewCodeUITests;
				PRODUCT_NAME = "$(TARGET_NAME)";
				SWIFT_EMIT_LOC_STRINGS = NO;
				SWIFT_VERSION = 5.0;
				TARGETED_DEVICE_FAMILY = "1,2";
				TEST_TARGET_NAME = viewCode;
			};
			name = Debug;
		};
		B22B947928146BD300607EBD /* Release */ = {
			isa = XCBuildConfiguration;
			buildSettings = {
				ALWAYS_EMBED_SWIFT_STANDARD_LIBRARIES = YES;
				CODE_SIGN_STYLE = Automatic;
				CURRENT_PROJECT_VERSION = 1;
				GENERATE_INFOPLIST_FILE = YES;
				MARKETING_VERSION = 1.0;
				PRODUCT_BUNDLE_IDENTIFIER = com.paulolima.viewCodeUITests;
				PRODUCT_NAME = "$(TARGET_NAME)";
				SWIFT_EMIT_LOC_STRINGS = NO;
				SWIFT_VERSION = 5.0;
				TARGETED_DEVICE_FAMILY = "1,2";
				TEST_TARGET_NAME = viewCode;
			};
			name = Release;
		};
/* End XCBuildConfiguration section */

/* Begin XCConfigurationList section */
		B22B944228146BCD00607EBD /* Build configuration list for PBXProject "viewCode" */ = {
			isa = XCConfigurationList;
			buildConfigurations = (
				B22B946F28146BD300607EBD /* Debug */,
				B22B947028146BD300607EBD /* Release */,
			);
			defaultConfigurationIsVisible = 0;
			defaultConfigurationName = Release;
		};
		B22B947128146BD300607EBD /* Build configuration list for PBXNativeTarget "viewCode" */ = {
			isa = XCConfigurationList;
			buildConfigurations = (
				B22B947228146BD300607EBD /* Debug */,
				B22B947328146BD300607EBD /* Release */,
			);
			defaultConfigurationIsVisible = 0;
			defaultConfigurationName = Release;
		};
		B22B947428146BD300607EBD /* Build configuration list for PBXNativeTarget "viewCodeTests" */ = {
			isa = XCConfigurationList;
			buildConfigurations = (
				B22B947528146BD300607EBD /* Debug */,
				B22B947628146BD300607EBD /* Release */,
			);
			defaultConfigurationIsVisible = 0;
			defaultConfigurationName = Release;
		};
		B22B947728146BD300607EBD /* Build configuration list for PBXNativeTarget "viewCodeUITests" */ = {
			isa = XCConfigurationList;
			buildConfigurations = (
				B22B947828146BD300607EBD /* Debug */,
				B22B947928146BD300607EBD /* Release */,
			);
			defaultConfigurationIsVisible = 0;
			defaultConfigurationName = Release;
		};
/* End XCConfigurationList section */
	};
	rootObject = B22B943F28146BCD00607EBD /* Project object */;
}
